{
  "nodes": {
    "homeManager": {
      "inputs": {
        "nixpkgs": [
          "nixpkgs"
        ]
      },
      "locked": {
        "lastModified": 1643066491,
        "narHash": "sha256-wIgqFCJ6v7COpgNY0lMHDnU9RP2dJgasa2jKkB0zhWw=",
        "owner": "nix-community",
        "repo": "home-manager",
        "rev": "462d4a7abdfb8cb762584745a480ad01c207570e",
        "type": "github"
      },
      "original": {
        "owner": "nix-community",
        "repo": "home-manager",
        "type": "github"
      }
    },
    "nixpkgs": {
      "locked": {
        "lastModified": 1643087856,
        "narHash": "sha256-EreC7gP/T566PDRZjqNoTvByTyvABEpJpWFtyNUDS0Y=",
        "owner": "NixOS",
        "repo": "nixpkgs",
        "rev": "8bd55a6a5ab05942af769c2aa2494044bff7f625",
        "type": "github"
      },
      "original": {
        "id": "nixpkgs",
        "type": "indirect"
      }
    },
    "nixpkgs-unstable": {
      "locked": {
        "lastModified": 1643087856,
        "narHash": "sha256-EreC7gP/T566PDRZjqNoTvByTyvABEpJpWFtyNUDS0Y=",
        "owner": "NixOS",
        "repo": "nixpkgs",
        "rev": "8bd55a6a5ab05942af769c2aa2494044bff7f625",
        "type": "github"
      },
      "original": {
        "owner": "NixOS",
        "ref": "nixpkgs-unstable",
        "repo": "nixpkgs",
        "type": "github"
      }
    },
    "root": {
      "inputs": {
        "homeManager": "homeManager",
        "nixpkgs": "nixpkgs",
        "nixpkgs-unstable": "nixpkgs-unstable"
      }
    }
  },
  "root": "root",
  "version": 7
}
